// !$*UTF8*$!
{
	archiveVersion = 1;
	classes = {
	};
	objectVersion = 56;
	objects = {

/* Begin PBXBuildFile section */
		E9808F8A2A1F983D00B3A0EB /* AppDelegate.swift in Sources */ = {isa = PBXBuildFile; fileRef = E9808F892A1F983D00B3A0EB /* AppDelegate.swift */; };
		E9808F8C2A1F983D00B3A0EB /* SceneDelegate.swift in Sources */ = {isa = PBXBuildFile; fileRef = E9808F8B2A1F983D00B3A0EB /* SceneDelegate.swift */; };
		E9808F912A1F983D00B3A0EB /* Main.storyboard in Resources */ = {isa = PBXBuildFile; fileRef = E9808F8F2A1F983D00B3A0EB /* Main.storyboard */; };
		E9808F942A1F983D00B3A0EB /* ColorApp.xcdatamodeld in Sources */ = {isa = PBXBuildFile; fileRef = E9808F922A1F983D00B3A0EB /* ColorApp.xcdatamodeld */; };
		E9808F962A1F983E00B3A0EB /* Assets.xcassets in Resources */ = {isa = PBXBuildFile; fileRef = E9808F952A1F983E00B3A0EB /* Assets.xcassets */; };
		E9808F992A1F983E00B3A0EB /* LaunchScreen.storyboard in Resources */ = {isa = PBXBuildFile; fileRef = E9808F972A1F983E00B3A0EB /* LaunchScreen.storyboard */; };
		E9808FA02A1FA76900B3A0EB /* SettingsViewController.swift in Sources */ = {isa = PBXBuildFile; fileRef = E9808F8D2A1F983D00B3A0EB /* SettingsViewController.swift */; };
		E9A076A42A588010003C0074 /* Model.swift in Sources */ = {isa = PBXBuildFile; fileRef = E9A076A32A588010003C0074 /* Model.swift */; };
		E9A076A72A58808F003C0074 /* ColoredViewController.swift in Sources */ = {isa = PBXBuildFile; fileRef = E9A076A62A58808F003C0074 /* ColoredViewController.swift */; };
/* End PBXBuildFile section */

/* Begin PBXFileReference section */
		E9808F862A1F983D00B3A0EB /* ColorApp.app */ = {isa = PBXFileReference; explicitFileType = wrapper.application; includeInIndex = 0; path = ColorApp.app; sourceTree = BUILT_PRODUCTS_DIR; };
		E9808F892A1F983D00B3A0EB /* AppDelegate.swift */ = {isa = PBXFileReference; lastKnownFileType = sourcecode.swift; path = AppDelegate.swift; sourceTree = "<group>"; };
		E9808F8B2A1F983D00B3A0EB /* SceneDelegate.swift */ = {isa = PBXFileReference; lastKnownFileType = sourcecode.swift; path = SceneDelegate.swift; sourceTree = "<group>"; };
		E9808F8D2A1F983D00B3A0EB /* SettingsViewController.swift */ = {isa = PBXFileReference; lastKnownFileType = sourcecode.swift; path = SettingsViewController.swift; sourceTree = "<group>"; };
		E9808F902A1F983D00B3A0EB /* Base */ = {isa = PBXFileReference; lastKnownFileType = file.storyboard; name = Base; path = Base.lproj/Main.storyboard; sourceTree = "<group>"; };
		E9808F932A1F983D00B3A0EB /* ColorApp.xcdatamodel */ = {isa = PBXFileReference; lastKnownFileType = wrapper.xcdatamodel; path = ColorApp.xcdatamodel; sourceTree = "<group>"; };
		E9808F952A1F983E00B3A0EB /* Assets.xcassets */ = {isa = PBXFileReference; lastKnownFileType = folder.assetcatalog; path = Assets.xcassets; sourceTree = "<group>"; };
		E9808F982A1F983E00B3A0EB /* Base */ = {isa = PBXFileReference; lastKnownFileType = file.storyboard; name = Base; path = Base.lproj/LaunchScreen.storyboard; sourceTree = "<group>"; };
		E9808F9A2A1F983E00B3A0EB /* Info.plist */ = {isa = PBXFileReference; lastKnownFileType = text.plist.xml; path = Info.plist; sourceTree = "<group>"; };
		E9A076A32A588010003C0074 /* Model.swift */ = {isa = PBXFileReference; lastKnownFileType = sourcecode.swift; path = Model.swift; sourceTree = "<group>"; };
		E9A076A62A58808F003C0074 /* ColoredViewController.swift */ = {isa = PBXFileReference; lastKnownFileType = sourcecode.swift; path = ColoredViewController.swift; sourceTree = "<group>"; };
/* End PBXFileReference section */

/* Begin PBXFrameworksBuildPhase section */
		E9808F832A1F983D00B3A0EB /* Frameworks */ = {
			isa = PBXFrameworksBuildPhase;
			buildActionMask = 2147483647;
			files = (
			);
			runOnlyForDeploymentPostprocessing = 0;
		};
/* End PBXFrameworksBuildPhase section */

/* Begin PBXGroup section */
		E9808F7D2A1F983D00B3A0EB = {
			isa = PBXGroup;
			children = (
				E9808F882A1F983D00B3A0EB /* ColorApp */,
				E9808F872A1F983D00B3A0EB /* Products */,
			);
			sourceTree = "<group>";
		};
		E9808F872A1F983D00B3A0EB /* Products */ = {
			isa = PBXGroup;
			children = (
				E9808F862A1F983D00B3A0EB /* ColorApp.app */,
			);
			name = Products;
			sourceTree = "<group>";
		};
		E9808F882A1F983D00B3A0EB /* ColorApp */ = {
			isa = PBXGroup;
			children = (
				E9A716892A594B5200547D00 /* App */,
				E9A716882A594B3B00547D00 /* ViewVontrollers */,
				E9A076A52A588039003C0074 /* Settings */,
				E9A076A32A588010003C0074 /* Model.swift */,
				E9808F952A1F983E00B3A0EB /* Assets.xcassets */,
			);
			path = ColorApp;
			sourceTree = "<group>";
		};
		E9A076A52A588039003C0074 /* Settings */ = {
			isa = PBXGroup;
			children = (
				E9808F9A2A1F983E00B3A0EB /* Info.plist */,
				E9808F922A1F983D00B3A0EB /* ColorApp.xcdatamodeld */,
			);
			path = Settings;
			sourceTree = "<group>";
		};
		E9A716882A594B3B00547D00 /* ViewVontrollers */ = {
			isa = PBXGroup;
			children = (
				E9808F8D2A1F983D00B3A0EB /* SettingsViewController.swift */,
				E9A076A62A58808F003C0074 /* ColoredViewController.swift */,
			);
			path = ViewVontrollers;
			sourceTree = "<group>";
		};
		E9A716892A594B5200547D00 /* App */ = {
			isa = PBXGroup;
			children = (
				E9808F892A1F983D00B3A0EB /* AppDelegate.swift */,
				E9808F8B2A1F983D00B3A0EB /* SceneDelegate.swift */,
				E9808F8F2A1F983D00B3A0EB /* Main.storyboard */,
				E9808F972A1F983E00B3A0EB /* LaunchScreen.storyboard */,
			);
			path = App;
			sourceTree = "<group>";
		};
/* End PBXGroup section */

/* Begin PBXNativeTarget section */
		E9808F852A1F983D00B3A0EB /* ColorApp */ = {
			isa = PBXNativeTarget;
			buildConfigurationList = E9808F9D2A1F983E00B3A0EB /* Build configuration list for PBXNativeTarget "ColorApp" */;
			buildPhases = (
				E9808F822A1F983D00B3A0EB /* Sources */,
				E9808F832A1F983D00B3A0EB /* Frameworks */,
				E9808F842A1F983D00B3A0EB /* Resources */,
			);
			buildRules = (
			);
			dependencies = (
			);
			name = ColorApp;
			productName = ColorApp;
			productReference = E9808F862A1F983D00B3A0EB /* ColorApp.app */;
			productType = "com.apple.product-type.application";
		};
/* End PBXNativeTarget section */

/* Begin PBXProject section */
		E9808F7E2A1F983D00B3A0EB /* Project object */ = {
			isa = PBXProject;
			attributes = {
				BuildIndependentTargetsInParallel = 1;
				LastSwiftUpdateCheck = 1430;
				LastUpgradeCheck = 1430;
				TargetAttributes = {
					E9808F852A1F983D00B3A0EB = {
						CreatedOnToolsVersion = 14.3;
					};
				};
			};
			buildConfigurationList = E9808F812A1F983D00B3A0EB /* Build configuration list for PBXProject "ColorApp" */;
			compatibilityVersion = "Xcode 14.0";
			developmentRegion = en;
			hasScannedForEncodings = 0;
			knownRegions = (
				en,
				Base,
			);
			mainGroup = E9808F7D2A1F983D00B3A0EB;
			productRefGroup = E9808F872A1F983D00B3A0EB /* Products */;
			projectDirPath = "";
			projectRoot = "";
			targets = (
				E9808F852A1F983D00B3A0EB /* ColorApp */,
			);
		};
/* End PBXProject section */

/* Begin PBXResourcesBuildPhase section */
		E9808F842A1F983D00B3A0EB /* Resources */ = {
			isa = PBXResourcesBuildPhase;
			buildActionMask = 2147483647;
			files = (
				E9808F992A1F983E00B3A0EB /* LaunchScreen.storyboard in Resources */,
				E9808F962A1F983E00B3A0EB /* Assets.xcassets in Resources */,
				E9808F912A1F983D00B3A0EB /* Main.storyboard in Resources */,
			);
			runOnlyForDeploymentPostprocessing = 0;
		};
/* End PBXResourcesBuildPhase section */

/* Begin PBXSourcesBuildPhase section */
		E9808F822A1F983D00B3A0EB /* Sources */ = {
			isa = PBXSourcesBuildPhase;
			buildActionMask = 2147483647;
			files = (
				E9A076A42A588010003C0074 /* Model.swift in Sources */,
				E9808F942A1F983D00B3A0EB /* ColorApp.xcdatamodeld in Sources */,
				E9808F8A2A1F983D00B3A0EB /* AppDelegate.swift in Sources */,
				E9A076A72A58808F003C0074 /* ColoredViewController.swift in Sources */,
				E9808FA02A1FA76900B3A0EB /* SettingsViewController.swift in Sources */,
				E9808F8C2A1F983D00B3A0EB /* SceneDelegate.swift in Sources */,
			);
			runOnlyForDeploymentPostprocessing = 0;
		};
/* End PBXSourcesBuildPhase section */

/* Begin PBXVariantGroup section */
		E9808F8F2A1F983D00B3A0EB /* Main.storyboard */ = {
			isa = PBXVariantGroup;
			children = (
				E9808F902A1F983D00B3A0EB /* Base */,
			);
			name = Main.storyboard;
			sourceTree = "<group>";
		};
		E9808F972A1F983E00B3A0EB /* LaunchScreen.storyboard */ = {
			isa = PBXVariantGroup;
			children = (
				E9808F982A1F983E00B3A0EB /* Base */,
			);
			name = LaunchScreen.storyboard;
			sourceTree = "<group>";
		};
/* End PBXVariantGroup section */

/* Begin XCBuildConfiguration section */
		E9808F9B2A1F983E00B3A0EB /* Debug */ = {
			isa = XCBuildConfiguration;
			buildSettings = {
				ALWAYS_SEARCH_USER_PATHS = NO;
				CLANG_ANALYZER_NONNULL = YES;
				CLANG_ANALYZER_NUMBER_OBJECT_CONVERSION = YES_AGGRESSIVE;
				CLANG_CXX_LANGUAGE_STANDARD = "gnu++20";
				CLANG_ENABLE_MODULES = YES;
				CLANG_ENABLE_OBJC_ARC = YES;
				CLANG_ENABLE_OBJC_WEAK = YES;
				CLANG_WARN_BLOCK_CAPTURE_AUTORELEASING = YES;
				CLANG_WARN_BOOL_CONVERSION = YES;
				CLANG_WARN_COMMA = YES;
				CLANG_WARN_CONSTANT_CONVERSION = YES;
				CLANG_WARN_DEPRECATED_OBJC_IMPLEMENTATIONS = YES;
				CLANG_WARN_DIRECT_OBJC_ISA_USAGE = YES_ERROR;
				CLANG_WARN_DOCUMENTATION_COMMENTS = YES;
				CLANG_WARN_EMPTY_BODY = YES;
				CLANG_WARN_ENUM_CONVERSION = YES;
				CLANG_WARN_INFINITE_RECURSION = YES;
				CLANG_WARN_INT_CONVERSION = YES;
				CLANG_WARN_NON_LITERAL_NULL_CONVERSION = YES;
				CLANG_WARN_OBJC_IMPLICIT_RETAIN_SELF = YES;
				CLANG_WARN_OBJC_LITERAL_CONVERSION = YES;
				CLANG_WARN_OBJC_ROOT_CLASS = YES_ERROR;
				CLANG_WARN_QUOTED_INCLUDE_IN_FRAMEWORK_HEADER = YES;
				CLANG_WARN_RANGE_LOOP_ANALYSIS = YES;
				CLANG_WARN_STRICT_PROTOTYPES = YES;
				CLANG_WARN_SUSPICIOUS_MOVE = YES;
				CLANG_WARN_UNGUARDED_AVAILABILITY = YES_AGGRESSIVE;
				CLANG_WARN_UNREACHABLE_CODE = YES;
				CLANG_WARN__DUPLICATE_METHOD_MATCH = YES;
				COPY_PHASE_STRIP = NO;
				DEBUG_INFORMATION_FORMAT = dwarf;
				ENABLE_STRICT_OBJC_MSGSEND = YES;
				ENABLE_TESTABILITY = YES;
				GCC_C_LANGUAGE_STANDARD = gnu11;
				GCC_DYNAMIC_NO_PIC = NO;
				GCC_NO_COMMON_BLOCKS = YES;
				GCC_OPTIMIZATION_LEVEL = 0;
				GCC_PREPROCESSOR_DEFINITIONS = (
					"DEBUG=1",
					"$(inherited)",
				);
				GCC_WARN_64_TO_32_BIT_CONVERSION = YES;
				GCC_WARN_ABOUT_RETURN_TYPE = YES_ERROR;
				GCC_WARN_UNDECLARED_SELECTOR = YES;
				GCC_WARN_UNINITIALIZED_AUTOS = YES_AGGRESSIVE;
				GCC_WARN_UNUSED_FUNCTION = YES;
				GCC_WARN_UNUSED_VARIABLE = YES;
				IPHONEOS_DEPLOYMENT_TARGET = 16.4;
				MTL_ENABLE_DEBUG_INFO = INCLUDE_SOURCE;
				MTL_FAST_MATH = YES;
				ONLY_ACTIVE_ARCH = YES;
				SDKROOT = iphoneos;
				SWIFT_ACTIVE_COMPILATION_CONDITIONS = DEBUG;
				SWIFT_OPTIMIZATION_LEVEL = "-Onone";
			};
			name = Debug;
		};
		E9808F9C2A1F983E00B3A0EB /* Release */ = {
			isa = XCBuildConfiguration;
			buildSettings = {
				ALWAYS_SEARCH_USER_PATHS = NO;
				CLANG_ANALYZER_NONNULL = YES;
				CLANG_ANALYZER_NUMBER_OBJECT_CONVERSION = YES_AGGRESSIVE;
				CLANG_CXX_LANGUAGE_STANDARD = "gnu++20";
				CLANG_ENABLE_MODULES = YES;
				CLANG_ENABLE_OBJC_ARC = YES;
				CLANG_ENABLE_OBJC_WEAK = YES;
				CLANG_WARN_BLOCK_CAPTURE_AUTORELEASING = YES;
				CLANG_WARN_BOOL_CONVERSION = YES;
				CLANG_WARN_COMMA = YES;
				CLANG_WARN_CONSTANT_CONVERSION = YES;
				CLANG_WARN_DEPRECATED_OBJC_IMPLEMENTATIONS = YES;
				CLANG_WARN_DIRECT_OBJC_ISA_USAGE = YES_ERROR;
				CLANG_WARN_DOCUMENTATION_COMMENTS = YES;
				CLANG_WARN_EMPTY_BODY = YES;
				CLANG_WARN_ENUM_CONVERSION = YES;
				CLANG_WARN_INFINITE_RECURSION = YES;
				CLANG_WARN_INT_CONVERSION = YES;
				CLANG_WARN_NON_LITERAL_NULL_CONVERSION = YES;
				CLANG_WARN_OBJC_IMPLICIT_RETAIN_SELF = YES;
				CLANG_WARN_OBJC_LITERAL_CONVERSION = YES;
				CLANG_WARN_OBJC_ROOT_CLASS = YES_ERROR;
				CLANG_WARN_QUOTED_INCLUDE_IN_FRAMEWORK_HEADER = YES;
				CLANG_WARN_RANGE_LOOP_ANALYSIS = YES;
				CLANG_WARN_STRICT_PROTOTYPES = YES;
				CLANG_WARN_SUSPICIOUS_MOVE = YES;
				CLANG_WARN_UNGUARDED_AVAILABILITY = YES_AGGRESSIVE;
				CLANG_WARN_UNREACHABLE_CODE = YES;
				CLANG_WARN__DUPLICATE_METHOD_MATCH = YES;
				COPY_PHASE_STRIP = NO;
				DEBUG_INFORMATION_FORMAT = "dwarf-with-dsym";
				ENABLE_NS_ASSERTIONS = NO;
				ENABLE_STRICT_OBJC_MSGSEND = YES;
				GCC_C_LANGUAGE_STANDARD = gnu11;
				GCC_NO_COMMON_BLOCKS = YES;
				GCC_WARN_64_TO_32_BIT_CONVERSION = YES;
				GCC_WARN_ABOUT_RETURN_TYPE = YES_ERROR;
				GCC_WARN_UNDECLARED_SELECTOR = YES;
				GCC_WARN_UNINITIALIZED_AUTOS = YES_AGGRESSIVE;
				GCC_WARN_UNUSED_FUNCTION = YES;
				GCC_WARN_UNUSED_VARIABLE = YES;
				IPHONEOS_DEPLOYMENT_TARGET = 16.4;
				MTL_ENABLE_DEBUG_INFO = NO;
				MTL_FAST_MATH = YES;
				SDKROOT = iphoneos;
				SWIFT_COMPILATION_MODE = wholemodule;
				SWIFT_OPTIMIZATION_LEVEL = "-O";
				VALIDATE_PRODUCT = YES;
			};
			name = Release;
		};
		E9808F9E2A1F983E00B3A0EB /* Debug */ = {
			isa = XCBuildConfiguration;
			buildSettings = {
				ASSETCATALOG_COMPILER_APPICON_NAME = AppIcon;
				ASSETCATALOG_COMPILER_GLOBAL_ACCENT_COLOR_NAME = AccentColor;
				CODE_SIGN_STYLE = Automatic;
				CURRENT_PROJECT_VERSION = 1;
				DEVELOPMENT_TEAM = Z4JT48W22P;
				GENERATE_INFOPLIST_FILE = YES;
				INFOPLIST_FILE = ColorApp/Settings/Info.plist;
				INFOPLIST_KEY_UIApplicationSupportsIndirectInputEvents = YES;
				INFOPLIST_KEY_UILaunchStoryboardName = LaunchScreen;
				INFOPLIST_KEY_UIMainStoryboardFile = Main;
				INFOPLIST_KEY_UISupportedInterfaceOrientations_iPad = "UIInterfaceOrientationPortrait UIInterfaceOrientationPortraitUpsideDown UIInterfaceOrientationLandscapeLeft UIInterfaceOrientationLandscapeRight";
				INFOPLIST_KEY_UISupportedInterfaceOrientations_iPhone = "UIInterfaceOrientationPortrait UIInterfaceOrientationLandscapeLeft UIInterfaceOrientationLandscapeRight";
				IPHONEOS_DEPLOYMENT_TARGET = 15.0;
				LD_RUNPATH_SEARCH_PATHS = (
					"$(inherited)",
					"@executable_path/Frameworks",
				);
				MARKETING_VERSION = 1.0;
				PRODUCT_BUNDLE_IDENTIFIER = TheGoodTheBadTheJun.ColorApp;
				PRODUCT_NAME = "$(TARGET_NAME)";
				SUPPORTED_PLATFORMS = "iphoneos iphonesimulator";
				SUPPORTS_MACCATALYST = NO;
				SUPPORTS_MAC_DESIGNED_FOR_IPHONE_IPAD = NO;
				SWIFT_EMIT_LOC_STRINGS = YES;
				SWIFT_VERSION = 5.0;
				TARGETED_DEVICE_FAMILY = 1;
			};
			name = Debug;
		};
		E9808F9F2A1F983E00B3A0EB /* Release */ = {
			isa = XCBuildConfiguration;
			buildSettings = {
				ASSETCATALOG_COMPILER_APPICON_NAME = AppIcon;
				ASSETCATALOG_COMPILER_GLOBAL_ACCENT_COLOR_NAME = AccentColor;
				CODE_SIGN_STYLE = Automatic;
				CURRENT_PROJECT_VERSION = 1;
				DEVELOPMENT_TEAM = Z4JT48W22P;
				GENERATE_INFOPLIST_FILE = YES;
				INFOPLIST_FILE = ColorApp/Settings/Info.plist;
				INFOPLIST_KEY_UIApplicationSupportsIndirectInputEvents = YES;
				INFOPLIST_KEY_UILaunchStoryboardName = LaunchScreen;
				INFOPLIST_KEY_UIMainStoryboardFile = Main;
				INFOPLIST_KEY_UISupportedInterfaceOrientations_iPad = "UIInterfaceOrientationPortrait UIInterfaceOrientationPortraitUpsideDown UIInterfaceOrientationLandscapeLeft UIInterfaceOrientationLandscapeRight";
				INFOPLIST_KEY_UISupportedInterfaceOrientations_iPhone = "UIInterfaceOrientationPortrait UIInterfaceOrientationLandscapeLeft UIInterfaceOrientationLandscapeRight";
				IPHONEOS_DEPLOYMENT_TARGET = 15.0;
				LD_RUNPATH_SEARCH_PATHS = (
					"$(inherited)",
					"@executable_path/Frameworks",
				);
				MARKETING_VERSION = 1.0;
				PRODUCT_BUNDLE_IDENTIFIER = TheGoodTheBadTheJun.ColorApp;
				PRODUCT_NAME = "$(TARGET_NAME)";
				SUPPORTED_PLATFORMS = "iphoneos iphonesimulator";
				SUPPORTS_MACCATALYST = NO;
				SUPPORTS_MAC_DESIGNED_FOR_IPHONE_IPAD = NO;
				SWIFT_EMIT_LOC_STRINGS = YES;
				SWIFT_VERSION = 5.0;
				TARGETED_DEVICE_FAMILY = 1;
			};
			name = Release;
		};
/* End XCBuildConfiguration section */

/* Begin XCConfigurationList section */
		E9808F812A1F983D00B3A0EB /* Build configuration list for PBXProject "ColorApp" */ = {
			isa = XCConfigurationList;
			buildConfigurations = (
				E9808F9B2A1F983E00B3A0EB /* Debug */,
				E9808F9C2A1F983E00B3A0EB /* Release */,
			);
			defaultConfigurationIsVisible = 0;
			defaultConfigurationName = Release;
		};
		E9808F9D2A1F983E00B3A0EB /* Build configuration list for PBXNativeTarget "ColorApp" */ = {
			isa = XCConfigurationList;
			buildConfigurations = (
				E9808F9E2A1F983E00B3A0EB /* Debug */,
				E9808F9F2A1F983E00B3A0EB /* Release */,
			);
			defaultConfigurationIsVisible = 0;
			defaultConfigurationName = Release;
		};
/* End XCConfigurationList section */

/* Begin XCVersionGroup section */
		E9808F922A1F983D00B3A0EB /* ColorApp.xcdatamodeld */ = {
			isa = XCVersionGroup;
			children = (
				E9808F932A1F983D00B3A0EB /* ColorApp.xcdatamodel */,
			);
			currentVersion = E9808F932A1F983D00B3A0EB /* ColorApp.xcdatamodel */;
			path = ColorApp.xcdatamodeld;
			sourceTree = "<group>";
			versionGroupType = wrapper.xcdatamodel;
		};
/* End XCVersionGroup section */
	};
	rootObject = E9808F7E2A1F983D00B3A0EB /* Project object */;
}
